# This file is automatically @generated by Cargo.
# It is not intended for manual editing.
[[package]]
name = "autocfg"
version = "1.0.0"
source = "registry+https://github.com/rust-lang/crates.io-index"
checksum = "f8aac770f1885fd7e387acedd76065302551364496e46b3dd00860b2f8359b9d"

[[package]]
name = "fbs-codegen"
version = "0.1.0"
dependencies = [
 "fbs-parser",
 "thiserror",
]

[[package]]
name = "fbs-parser"
version = "0.1.0"
dependencies = [
 "indexmap",
 "peg",
 "thiserror",
]

[[package]]
name = "indexmap"
version = "1.3.2"
source = "registry+https://github.com/rust-lang/crates.io-index"
checksum = "076f042c5b7b98f31d205f1249267e12a6518c1481e9dae9764af19b707d2292"
dependencies = [
 "autocfg",
]

[[package]]
name = "peg"
version = "0.6.2"
source = "registry+https://github.com/rust-lang/crates.io-index"
checksum = "9075875c14bb21f25f11cad4b6ad2e4dd443b8fb83900b2fbdd6ebd744b82e97"
dependencies = [
 "peg-macros",
 "peg-runtime",
]

[[package]]
name = "peg-macros"
version = "0.6.2"
source = "registry+https://github.com/rust-lang/crates.io-index"
checksum = "c24c165fd39e995246140cc78df55c56c6733ba87e6658cb3e197b8856c62852"
dependencies = [
 "peg-runtime",
 "proc-macro2",
 "quote",
]

[[package]]
name = "peg-runtime"
version = "0.6.2"
source = "registry+https://github.com/rust-lang/crates.io-index"
checksum = "0c1a2897e69d986c7986747ebad425cf03746ec5e3e09bb3b2600f91301ba864"

[[package]]
name = "proc-macro2"
version = "1.0.9"
source = "registry+https://github.com/rust-lang/crates.io-index"
checksum = "6c09721c6781493a2a492a96b5a5bf19b65917fe6728884e7c44dd0c60ca3435"
dependencies = [
 "unicode-xid",
]

[[package]]
name = "quote"
version = "1.0.3"
source = "registry+https://github.com/rust-lang/crates.io-index"
checksum = "2bdc6c187c65bca4260c9011c9e3132efe4909da44726bad24cf7572ae338d7f"
dependencies = [
 "proc-macro2",
]

[[package]]
name = "syn"
version = "1.0.17"
source = "registry+https://github.com/rust-lang/crates.io-index"
checksum = "0df0eb663f387145cab623dea85b09c2c5b4b0aef44e945d928e682fce71bb03"
dependencies = [
 "proc-macro2",
 "quote",
 "unicode-xid",
]

[[package]]
name = "thiserror"
version = "1.0.12"
source = "registry+https://github.com/rust-lang/crates.io-index"
checksum = "268c0f167625b8b0cc90a91787b158a372b4edadb31d6e20479dc787309defad"
dependencies = [
 "thiserror-impl",
]

[[package]]
name = "thiserror-impl"
version = "1.0.12"
source = "registry+https://github.com/rust-lang/crates.io-index"
checksum = "9a3ecbaa927a1d5a73d14a20af52463fa433c0727d07ef5e208f0546841d2efd"
dependencies = [
 "proc-macro2",
 "quote",
 "syn",
]

[[package]]
name = "unicode-xid"
version = "0.2.0"
source = "registry+https://github.com/rust-lang/crates.io-index"
checksum = "826e7639553986605ec5979c7dd957c7895e93eabed50ab2ffa7f6128a75097c"
